// !$*UTF8*$!
{
	archiveVersion = 1;
	classes = {
	};
	objectVersion = 46;
	objects = {

/* Begin PBXBuildFile section */
		2970E9FD1ECED04E00831D67 /* AppDelegate.m in Sources */ = {isa = PBXBuildFile; fileRef = 2970E9FC1ECED04E00831D67 /* AppDelegate.m */; };
		2970EA001ECED04E00831D67 /* main.m in Sources */ = {isa = PBXBuildFile; fileRef = 2970E9FF1ECED04E00831D67 /* main.m */; };
		2970EA031ECED04E00831D67 /* ViewController.m in Sources */ = {isa = PBXBuildFile; fileRef = 2970EA021ECED04E00831D67 /* ViewController.m */; };
		2970EA051ECED04E00831D67 /* Assets.xcassets in Resources */ = {isa = PBXBuildFile; fileRef = 2970EA041ECED04E00831D67 /* Assets.xcassets */; };
		2970EA081ECED04E00831D67 /* Main.storyboard in Resources */ = {isa = PBXBuildFile; fileRef = 2970EA061ECED04E00831D67 /* Main.storyboard */; };
		2970EA131ECED04F00831D67 /* ShowOrHideFileTests.m in Sources */ = {isa = PBXBuildFile; fileRef = 2970EA121ECED04F00831D67 /* ShowOrHideFileTests.m */; };
		2970EA1E1ECED04F00831D67 /* ShowOrHideFileUITests.m in Sources */ = {isa = PBXBuildFile; fileRef = 2970EA1D1ECED04F00831D67 /* ShowOrHideFileUITests.m */; };
/* End PBXBuildFile section */

/* Begin PBXContainerItemProxy section */
		2970EA0F1ECED04F00831D67 /* PBXContainerItemProxy */ = {
			isa = PBXContainerItemProxy;
			containerPortal = 2970E9F01ECED04E00831D67 /* Project object */;
			proxyType = 1;
			remoteGlobalIDString = 2970E9F71ECED04E00831D67;
			remoteInfo = ShowOrHideFile;
		};
		2970EA1A1ECED04F00831D67 /* PBXContainerItemProxy */ = {
			isa = PBXContainerItemProxy;
			containerPortal = 2970E9F01ECED04E00831D67 /* Project object */;
			proxyType = 1;
			remoteGlobalIDString = 2970E9F71ECED04E00831D67;
			remoteInfo = ShowOrHideFile;
		};
/* End PBXContainerItemProxy section */

/* Begin PBXFileReference section */
		2970E9F81ECED04E00831D67 /* ShowOrHideFile.app */ = {isa = PBXFileReference; explicitFileType = wrapper.application; includeInIndex = 0; path = ShowOrHideFile.app; sourceTree = BUILT_PRODUCTS_DIR; };
		2970E9FB1ECED04E00831D67 /* AppDelegate.h */ = {isa = PBXFileReference; lastKnownFileType = sourcecode.c.h; path = AppDelegate.h; sourceTree = "<group>"; };
		2970E9FC1ECED04E00831D67 /* AppDelegate.m */ = {isa = PBXFileReference; lastKnownFileType = sourcecode.c.objc; path = AppDelegate.m; sourceTree = "<group>"; };
		2970E9FF1ECED04E00831D67 /* main.m */ = {isa = PBXFileReference; lastKnownFileType = sourcecode.c.objc; path = main.m; sourceTree = "<group>"; };
		2970EA011ECED04E00831D67 /* ViewController.h */ = {isa = PBXFileReference; lastKnownFileType = sourcecode.c.h; path = ViewController.h; sourceTree = "<group>"; };
		2970EA021ECED04E00831D67 /* ViewController.m */ = {isa = PBXFileReference; lastKnownFileType = sourcecode.c.objc; path = ViewController.m; sourceTree = "<group>"; };
		2970EA041ECED04E00831D67 /* Assets.xcassets */ = {isa = PBXFileReference; lastKnownFileType = folder.assetcatalog; path = Assets.xcassets; sourceTree = "<group>"; };
		2970EA071ECED04E00831D67 /* Base */ = {isa = PBXFileReference; lastKnownFileType = file.storyboard; name = Base; path = Base.lproj/Main.storyboard; sourceTree = "<group>"; };
		2970EA091ECED04E00831D67 /* Info.plist */ = {isa = PBXFileReference; lastKnownFileType = text.plist.xml; path = Info.plist; sourceTree = "<group>"; };
		2970EA0E1ECED04F00831D67 /* ShowOrHideFileTests.xctest */ = {isa = PBXFileReference; explicitFileType = wrapper.cfbundle; includeInIndex = 0; path = ShowOrHideFileTests.xctest; sourceTree = BUILT_PRODUCTS_DIR; };
		2970EA121ECED04F00831D67 /* ShowOrHideFileTests.m */ = {isa = PBXFileReference; lastKnownFileType = sourcecode.c.objc; path = ShowOrHideFileTests.m; sourceTree = "<group>"; };
		2970EA141ECED04F00831D67 /* Info.plist */ = {isa = PBXFileReference; lastKnownFileType = text.plist.xml; path = Info.plist; sourceTree = "<group>"; };
		2970EA191ECED04F00831D67 /* ShowOrHideFileUITests.xctest */ = {isa = PBXFileReference; explicitFileType = wrapper.cfbundle; includeInIndex = 0; path = ShowOrHideFileUITests.xctest; sourceTree = BUILT_PRODUCTS_DIR; };
		2970EA1D1ECED04F00831D67 /* ShowOrHideFileUITests.m */ = {isa = PBXFileReference; lastKnownFileType = sourcecode.c.objc; path = ShowOrHideFileUITests.m; sourceTree = "<group>"; };
		2970EA1F1ECED04F00831D67 /* Info.plist */ = {isa = PBXFileReference; lastKnownFileType = text.plist.xml; path = Info.plist; sourceTree = "<group>"; };
/* End PBXFileReference section */

/* Begin PBXFrameworksBuildPhase section */
		2970E9F51ECED04E00831D67 /* Frameworks */ = {
			isa = PBXFrameworksBuildPhase;
			buildActionMask = 2147483647;
			files = (
			);
			runOnlyForDeploymentPostprocessing = 0;
		};
		2970EA0B1ECED04F00831D67 /* Frameworks */ = {
			isa = PBXFrameworksBuildPhase;
			buildActionMask = 2147483647;
			files = (
			);
			runOnlyForDeploymentPostprocessing = 0;
		};
		2970EA161ECED04F00831D67 /* Frameworks */ = {
			isa = PBXFrameworksBuildPhase;
			buildActionMask = 2147483647;
			files = (
			);
			runOnlyForDeploymentPostprocessing = 0;
		};
/* End PBXFrameworksBuildPhase section */

/* Begin PBXGroup section */
		2970E9EF1ECED04E00831D67 = {
			isa = PBXGroup;
			children = (
				2970E9FA1ECED04E00831D67 /* ShowOrHideFile */,
				2970EA111ECED04F00831D67 /* ShowOrHideFileTests */,
				2970EA1C1ECED04F00831D67 /* ShowOrHideFileUITests */,
				2970E9F91ECED04E00831D67 /* Products */,
			);
			sourceTree = "<group>";
		};
		2970E9F91ECED04E00831D67 /* Products */ = {
			isa = PBXGroup;
			children = (
				2970E9F81ECED04E00831D67 /* ShowOrHideFile.app */,
				2970EA0E1ECED04F00831D67 /* ShowOrHideFileTests.xctest */,
				2970EA191ECED04F00831D67 /* ShowOrHideFileUITests.xctest */,
			);
			name = Products;
			sourceTree = "<group>";
		};
		2970E9FA1ECED04E00831D67 /* ShowOrHideFile */ = {
			isa = PBXGroup;
			children = (
				2970E9FB1ECED04E00831D67 /* AppDelegate.h */,
				2970E9FC1ECED04E00831D67 /* AppDelegate.m */,
				2970EA011ECED04E00831D67 /* ViewController.h */,
				2970EA021ECED04E00831D67 /* ViewController.m */,
				2970EA041ECED04E00831D67 /* Assets.xcassets */,
				2970EA061ECED04E00831D67 /* Main.storyboard */,
				2970EA091ECED04E00831D67 /* Info.plist */,
				2970E9FE1ECED04E00831D67 /* Supporting Files */,
			);
			path = ShowOrHideFile;
			sourceTree = "<group>";
		};
		2970E9FE1ECED04E00831D67 /* Supporting Files */ = {
			isa = PBXGroup;
			children = (
				2970E9FF1ECED04E00831D67 /* main.m */,
			);
			name = "Supporting Files";
			sourceTree = "<group>";
		};
		2970EA111ECED04F00831D67 /* ShowOrHideFileTests */ = {
			isa = PBXGroup;
			children = (
				2970EA121ECED04F00831D67 /* ShowOrHideFileTests.m */,
				2970EA141ECED04F00831D67 /* Info.plist */,
			);
			path = ShowOrHideFileTests;
			sourceTree = "<group>";
		};
		2970EA1C1ECED04F00831D67 /* ShowOrHideFileUITests */ = {
			isa = PBXGroup;
			children = (
				2970EA1D1ECED04F00831D67 /* ShowOrHideFileUITests.m */,
				2970EA1F1ECED04F00831D67 /* Info.plist */,
			);
			path = ShowOrHideFileUITests;
			sourceTree = "<group>";
		};
/* End PBXGroup section */

/* Begin PBXNativeTarget section */
		2970E9F71ECED04E00831D67 /* ShowOrHideFile */ = {
			isa = PBXNativeTarget;
			buildConfigurationList = 2970EA221ECED04F00831D67 /* Build configuration list for PBXNativeTarget "ShowOrHideFile" */;
			buildPhases = (
				2970E9F41ECED04E00831D67 /* Sources */,
				2970E9F51ECED04E00831D67 /* Frameworks */,
				2970E9F61ECED04E00831D67 /* Resources */,
			);
			buildRules = (
			);
			dependencies = (
			);
			name = ShowOrHideFile;
			productName = ShowOrHideFile;
			productReference = 2970E9F81ECED04E00831D67 /* ShowOrHideFile.app */;
			productType = "com.apple.product-type.application";
		};
		2970EA0D1ECED04F00831D67 /* ShowOrHideFileTests */ = {
			isa = PBXNativeTarget;
			buildConfigurationList = 2970EA251ECED04F00831D67 /* Build configuration list for PBXNativeTarget "ShowOrHideFileTests" */;
			buildPhases = (
				2970EA0A1ECED04F00831D67 /* Sources */,
				2970EA0B1ECED04F00831D67 /* Frameworks */,
				2970EA0C1ECED04F00831D67 /* Resources */,
			);
			buildRules = (
			);
			dependencies = (
				2970EA101ECED04F00831D67 /* PBXTargetDependency */,
			);
			name = ShowOrHideFileTests;
			productName = ShowOrHideFileTests;
			productReference = 2970EA0E1ECED04F00831D67 /* ShowOrHideFileTests.xctest */;
			productType = "com.apple.product-type.bundle.unit-test";
		};
		2970EA181ECED04F00831D67 /* ShowOrHideFileUITests */ = {
			isa = PBXNativeTarget;
			buildConfigurationList = 2970EA281ECED04F00831D67 /* Build configuration list for PBXNativeTarget "ShowOrHideFileUITests" */;
			buildPhases = (
				2970EA151ECED04F00831D67 /* Sources */,
				2970EA161ECED04F00831D67 /* Frameworks */,
				2970EA171ECED04F00831D67 /* Resources */,
			);
			buildRules = (
			);
			dependencies = (
				2970EA1B1ECED04F00831D67 /* PBXTargetDependency */,
			);
			name = ShowOrHideFileUITests;
			productName = ShowOrHideFileUITests;
			productReference = 2970EA191ECED04F00831D67 /* ShowOrHideFileUITests.xctest */;
			productType = "com.apple.product-type.bundle.ui-testing";
		};
/* End PBXNativeTarget section */

/* Begin PBXProject section */
		2970E9F01ECED04E00831D67 /* Project object */ = {
			isa = PBXProject;
			attributes = {
				LastUpgradeCheck = 0830;
				ORGANIZATIONNAME = pengjiaxin;
				TargetAttributes = {
					2970E9F71ECED04E00831D67 = {
						CreatedOnToolsVersion = 8.3;
						ProvisioningStyle = Automatic;
					};
					2970EA0D1ECED04F00831D67 = {
						CreatedOnToolsVersion = 8.3;
						ProvisioningStyle = Automatic;
						TestTargetID = 2970E9F71ECED04E00831D67;
					};
					2970EA181ECED04F00831D67 = {
						CreatedOnToolsVersion = 8.3;
						ProvisioningStyle = Automatic;
						TestTargetID = 2970E9F71ECED04E00831D67;
					};
				};
			};
			buildConfigurationList = 2970E9F31ECED04E00831D67 /* Build configuration list for PBXProject "ShowOrHideFile" */;
			compatibilityVersion = "Xcode 3.2";
			developmentRegion = English;
			hasScannedForEncodings = 0;
			knownRegions = (
				en,
				Base,
			);
			mainGroup = 2970E9EF1ECED04E00831D67;
			productRefGroup = 2970E9F91ECED04E00831D67 /* Products */;
			projectDirPath = "";
			projectRoot = "";
			targets = (
				2970E9F71ECED04E00831D67 /* ShowOrHideFile */,
				2970EA0D1ECED04F00831D67 /* ShowOrHideFileTests */,
				2970EA181ECED04F00831D67 /* ShowOrHideFileUITests */,
			);
		};
/* End PBXProject section */

/* Begin PBXResourcesBuildPhase section */
		2970E9F61ECED04E00831D67 /* Resources */ = {
			isa = PBXResourcesBuildPhase;
			buildActionMask = 2147483647;
			files = (
				2970EA051ECED04E00831D67 /* Assets.xcassets in Resources */,
				2970EA081ECED04E00831D67 /* Main.storyboard in Resources */,
			);
			runOnlyForDeploymentPostprocessing = 0;
		};
		2970EA0C1ECED04F00831D67 /* Resources */ = {
			isa = PBXResourcesBuildPhase;
			buildActionMask = 2147483647;
			files = (
			);
			runOnlyForDeploymentPostprocessing = 0;
		};
		2970EA171ECED04F00831D67 /* Resources */ = {
			isa = PBXResourcesBuildPhase;
			buildActionMask = 2147483647;
			files = (
			);
			runOnlyForDeploymentPostprocessing = 0;
		};
/* End PBXResourcesBuildPhase section */

/* Begin PBXSourcesBuildPhase section */
		2970E9F41ECED04E00831D67 /* Sources */ = {
			isa = PBXSourcesBuildPhase;
			buildActionMask = 2147483647;
			files = (
				2970EA031ECED04E00831D67 /* ViewController.m in Sources */,
				2970EA001ECED04E00831D67 /* main.m in Sources */,
				2970E9FD1ECED04E00831D67 /* AppDelegate.m in Sources */,
			);
			runOnlyForDeploymentPostprocessing = 0;
		};
		2970EA0A1ECED04F00831D67 /* Sources */ = {
			isa = PBXSourcesBuildPhase;
			buildActionMask = 2147483647;
			files = (
				2970EA131ECED04F00831D67 /* ShowOrHideFileTests.m in Sources */,
			);
			runOnlyForDeploymentPostprocessing = 0;
		};
		2970EA151ECED04F00831D67 /* Sources */ = {
			isa = PBXSourcesBuildPhase;
			buildActionMask = 2147483647;
			files = (
				2970EA1E1ECED04F00831D67 /* ShowOrHideFileUITests.m in Sources */,
			);
			runOnlyForDeploymentPostprocessing = 0;
		};
/* End PBXSourcesBuildPhase section */

/* Begin PBXTargetDependency section */
		2970EA101ECED04F00831D67 /* PBXTargetDependency */ = {
			isa = PBXTargetDependency;
			target = 2970E9F71ECED04E00831D67 /* ShowOrHideFile */;
			targetProxy = 2970EA0F1ECED04F00831D67 /* PBXContainerItemProxy */;
		};
		2970EA1B1ECED04F00831D67 /* PBXTargetDependency */ = {
			isa = PBXTargetDependency;
			target = 2970E9F71ECED04E00831D67 /* ShowOrHideFile */;
			targetProxy = 2970EA1A1ECED04F00831D67 /* PBXContainerItemProxy */;
		};
/* End PBXTargetDependency section */

/* Begin PBXVariantGroup section */
		2970EA061ECED04E00831D67 /* Main.storyboard */ = {
			isa = PBXVariantGroup;
			children = (
				2970EA071ECED04E00831D67 /* Base */,
			);
			name = Main.storyboard;
			sourceTree = "<group>";
		};
/* End PBXVariantGroup section */

/* Begin XCBuildConfiguration section */
		2970EA201ECED04F00831D67 /* Debug */ = {
			isa = XCBuildConfiguration;
			buildSettings = {
				ALWAYS_SEARCH_USER_PATHS = NO;
				CLANG_ANALYZER_NONNULL = YES;
				CLANG_ANALYZER_NUMBER_OBJECT_CONVERSION = YES_AGGRESSIVE;
				CLANG_CXX_LANGUAGE_STANDARD = "gnu++0x";
				CLANG_CXX_LIBRARY = "libc++";
				CLANG_ENABLE_MODULES = YES;
				CLANG_ENABLE_OBJC_ARC = YES;
				CLANG_WARN_BOOL_CONVERSION = YES;
				CLANG_WARN_CONSTANT_CONVERSION = YES;
				CLANG_WARN_DIRECT_OBJC_ISA_USAGE = YES_ERROR;
				CLANG_WARN_DOCUMENTATION_COMMENTS = YES;
				CLANG_WARN_EMPTY_BODY = YES;
				CLANG_WARN_ENUM_CONVERSION = YES;
				CLANG_WARN_INFINITE_RECURSION = YES;
				CLANG_WARN_INT_CONVERSION = YES;
				CLANG_WARN_OBJC_ROOT_CLASS = YES_ERROR;
				CLANG_WARN_SUSPICIOUS_MOVE = YES;
				CLANG_WARN_UNREACHABLE_CODE = YES;
				CLANG_WARN__DUPLICATE_METHOD_MATCH = YES;
				CODE_SIGN_IDENTITY = "-";
				COPY_PHASE_STRIP = NO;
				DEBUG_INFORMATION_FORMAT = dwarf;
				ENABLE_STRICT_OBJC_MSGSEND = YES;
				ENABLE_TESTABILITY = YES;
				GCC_C_LANGUAGE_STANDARD = gnu99;
				GCC_DYNAMIC_NO_PIC = NO;
				GCC_NO_COMMON_BLOCKS = YES;
				GCC_OPTIMIZATION_LEVEL = 0;
				GCC_PREPROCESSOR_DEFINITIONS = (
					"DEBUG=1",
					"$(inherited)",
				);
				GCC_WARN_64_TO_32_BIT_CONVERSION = YES;
				GCC_WARN_ABOUT_RETURN_TYPE = YES_ERROR;
				GCC_WARN_UNDECLARED_SELECTOR = YES;
				GCC_WARN_UNINITIALIZED_AUTOS = YES_AGGRESSIVE;
				GCC_WARN_UNUSED_FUNCTION = YES;
				GCC_WARN_UNUSED_VARIABLE = YES;
				MACOSX_DEPLOYMENT_TARGET = 10.12;
				MTL_ENABLE_DEBUG_INFO = YES;
				ONLY_ACTIVE_ARCH = YES;
				SDKROOT = macosx;
			};
			name = Debug;
		};
		2970EA211ECED04F00831D67 /* Release */ = {
			isa = XCBuildConfiguration;
			buildSettings = {
				ALWAYS_SEARCH_USER_PATHS = NO;
				CLANG_ANALYZER_NONNULL = YES;
				CLANG_ANALYZER_NUMBER_OBJECT_CONVERSION = YES_AGGRESSIVE;
				CLANG_CXX_LANGUAGE_STANDARD = "gnu++0x";
				CLANG_CXX_LIBRARY = "libc++";
				CLANG_ENABLE_MODULES = YES;
				CLANG_ENABLE_OBJC_ARC = YES;
				CLANG_WARN_BOOL_CONVERSION = YES;
				CLANG_WARN_CONSTANT_CONVERSION = YES;
				CLANG_WARN_DIRECT_OBJC_ISA_USAGE = YES_ERROR;
				CLANG_WARN_DOCUMENTATION_COMMENTS = YES;
				CLANG_WARN_EMPTY_BODY = YES;
				CLANG_WARN_ENUM_CONVERSION = YES;
				CLANG_WARN_INFINITE_RECURSION = YES;
				CLANG_WARN_INT_CONVERSION = YES;
				CLANG_WARN_OBJC_ROOT_CLASS = YES_ERROR;
				CLANG_WARN_SUSPICIOUS_MOVE = YES;
				CLANG_WARN_UNREACHABLE_CODE = YES;
				CLANG_WARN__DUPLICATE_METHOD_MATCH = YES;
				CODE_SIGN_IDENTITY = "-";
				COPY_PHASE_STRIP = NO;
				DEBUG_INFORMATION_FORMAT = "dwarf-with-dsym";
				ENABLE_NS_ASSERTIONS = NO;
				ENABLE_STRICT_OBJC_MSGSEND = YES;
				GCC_C_LANGUAGE_STANDARD = gnu99;
				GCC_NO_COMMON_BLOCKS = YES;
				GCC_WARN_64_TO_32_BIT_CONVERSION = YES;
				GCC_WARN_ABOUT_RETURN_TYPE = YES_ERROR;
				GCC_WARN_UNDECLARED_SELECTOR = YES;
				GCC_WARN_UNINITIALIZED_AUTOS = YES_AGGRESSIVE;
				GCC_WARN_UNUSED_FUNCTION = YES;
				GCC_WARN_UNUSED_VARIABLE = YES;
				MACOSX_DEPLOYMENT_TARGET = 10.12;
				MTL_ENABLE_DEBUG_INFO = NO;
				SDKROOT = macosx;
			};
			name = Release;
		};
		2970EA231ECED04F00831D67 /* Debug */ = {
			isa = XCBuildConfiguration;
			buildSettings = {
				ASSETCATALOG_COMPILER_APPICON_NAME = AppIcon;
				COMBINE_HIDPI_IMAGES = YES;
				INFOPLIST_FILE = ShowOrHideFile/Info.plist;
				LD_RUNPATH_SEARCH_PATHS = "$(inherited) @executable_path/../Frameworks";
				PRODUCT_BUNDLE_IDENTIFIER = TianCity.ShowOrHideFile;
				PRODUCT_NAME = "$(TARGET_NAME)";
			};
			name = Debug;
		};
		2970EA241ECED04F00831D67 /* Release */ = {
			isa = XCBuildConfiguration;
			buildSettings = {
				ASSETCATALOG_COMPILER_APPICON_NAME = AppIcon;
				COMBINE_HIDPI_IMAGES = YES;
				INFOPLIST_FILE = ShowOrHideFile/Info.plist;
				LD_RUNPATH_SEARCH_PATHS = "$(inherited) @executable_path/../Frameworks";
				PRODUCT_BUNDLE_IDENTIFIER = TianCity.ShowOrHideFile;
				PRODUCT_NAME = "$(TARGET_NAME)";
			};
			name = Release;
		};
		2970EA261ECED04F00831D67 /* Debug */ = {
			isa = XCBuildConfiguration;
			buildSettings = {
				BUNDLE_LOADER = "$(TEST_HOST)";
				COMBINE_HIDPI_IMAGES = YES;
				INFOPLIST_FILE = ShowOrHideFileTests/Info.plist;
				LD_RUNPATH_SEARCH_PATHS = "$(inherited) @executable_path/../Frameworks @loader_path/../Frameworks";
				PRODUCT_BUNDLE_IDENTIFIER = TianCity.ShowOrHideFileTests;
				PRODUCT_NAME = "$(TARGET_NAME)";
				TEST_HOST = "$(BUILT_PRODUCTS_DIR)/ShowOrHideFile.app/Contents/MacOS/ShowOrHideFile";
			};
			name = Debug;
		};
		2970EA271ECED04F00831D67 /* Release */ = {
			isa = XCBuildConfiguration;
			buildSettings = {
				BUNDLE_LOADER = "$(TEST_HOST)";
				COMBINE_HIDPI_IMAGES = YES;
				INFOPLIST_FILE = ShowOrHideFileTests/Info.plist;
				LD_RUNPATH_SEARCH_PATHS = "$(inherited) @executable_path/../Frameworks @loader_path/../Frameworks";
				PRODUCT_BUNDLE_IDENTIFIER = TianCity.ShowOrHideFileTests;
				PRODUCT_NAME = "$(TARGET_NAME)";
				TEST_HOST = "$(BUILT_PRODUCTS_DIR)/ShowOrHideFile.app/Contents/MacOS/ShowOrHideFile";
			};
			name = Release;
		};
		2970EA291ECED04F00831D67 /* Debug */ = {
			isa = XCBuildConfiguration;
			buildSettings = {
				COMBINE_HIDPI_IMAGES = YES;
				INFOPLIST_FILE = ShowOrHideFileUITests/Info.plist;
				LD_RUNPATH_SEARCH_PATHS = "$(inherited) @executable_path/../Frameworks @loader_path/../Frameworks";
				PRODUCT_BUNDLE_IDENTIFIER = TianCity.ShowOrHideFileUITests;
				PRODUCT_NAME = "$(TARGET_NAME)";
				TEST_TARGET_NAME = ShowOrHideFile;
			};
			name = Debug;
		};
		2970EA2A1ECED04F00831D67 /* Release */ = {
			isa = XCBuildConfiguration;
			buildSettings = {
				COMBINE_HIDPI_IMAGES = YES;
				INFOPLIST_FILE = ShowOrHideFileUITests/Info.plist;
				LD_RUNPATH_SEARCH_PATHS = "$(inherited) @executable_path/../Frameworks @loader_path/../Frameworks";
				PRODUCT_BUNDLE_IDENTIFIER = TianCity.ShowOrHideFileUITests;
				PRODUCT_NAME = "$(TARGET_NAME)";
				TEST_TARGET_NAME = ShowOrHideFile;
			};
			name = Release;
		};
/* End XCBuildConfiguration section */

/* Begin XCConfigurationList section */
		2970E9F31ECED04E00831D67 /* Build configuration list for PBXProject "ShowOrHideFile" */ = {
			isa = XCConfigurationList;
			buildConfigurations = (
				2970EA201ECED04F00831D67 /* Debug */,
				2970EA211ECED04F00831D67 /* Release */,
			);
			defaultConfigurationIsVisible = 0;
			defaultConfigurationName = Release;
		};
		2970EA221ECED04F00831D67 /* Build configuration list for PBXNativeTarget "ShowOrHideFile" */ = {
			isa = XCConfigurationList;
			buildConfigurations = (
				2970EA231ECED04F00831D67 /* Debug */,
				2970EA241ECED04F00831D67 /* Release */,
			);
			defaultConfigurationIsVisible = 0;
		};
		2970EA251ECED04F00831D67 /* Build configuration list for PBXNativeTarget "ShowOrHideFileTests" */ = {
			isa = XCConfigurationList;
			buildConfigurations = (
				2970EA261ECED04F00831D67 /* Debug */,
				2970EA271ECED04F00831D67 /* Release */,
			);
			defaultConfigurationIsVisible = 0;
		};
		2970EA281ECED04F00831D67 /* Build configuration list for PBXNativeTarget "ShowOrHideFileUITests" */ = {
			isa = XCConfigurationList;
			buildConfigurations = (
				2970EA291ECED04F00831D67 /* Debug */,
				2970EA2A1ECED04F00831D67 /* Release */,
			);
			defaultConfigurationIsVisible = 0;
		};
/* End XCConfigurationList section */
	};
	rootObject = 2970E9F01ECED04E00831D67 /* Project object */;
}
